{
  "name": "hello",
  "version": "1.0.0",
  "lockfileVersion": 2,
  "requires": true,
  "packages": {
    "": {
      "name": "hello",
      "version": "1.0.0",
      "license": "ISC",
      "dependencies": {
        "motion": "^10.10.0"
      }
    },
    "node_modules/@motionone/animation": {
      "version": "10.9.0",
      "resolved": "https://registry.npmjs.org/@motionone/animation/-/animation-10.9.0.tgz",
      "integrity": "sha512-RsT6Y/JbTldNgwSy2IQGghqVVd6CH8yeexNs71+Gziz802rNiksVdMdgYuvXeTU8TJTG30f18V/rnm7mAUyO+A==",
      "dependencies": {
        "@motionone/easing": "^10.9.0",
        "@motionone/types": "^10.9.0",
        "@motionone/utils": "^10.9.0",
        "tslib": "^2.3.1"
      }
    },
    "node_modules/@motionone/dom": {
      "version": "10.10.0",
      "resolved": "https://registry.npmjs.org/@motionone/dom/-/dom-10.10.0.tgz",
      "integrity": "sha512-7IsOcEUYJthabt101ckQUsaM8mM3f2PxgXlRR0Xye6+C2ltuyKLXyiJwDv7LaqoblXl+xmf9mzBvcrZ6bVqJNQ==",
      "dependencies": {
        "@motionone/animation": "^10.9.0",
        "@motionone/generators": "^10.9.0",
        "@motionone/types": "^10.9.0",
        "@motionone/utils": "^10.9.0",
        "hey-listen": "^1.0.8",
        "tslib": "^2.3.1"
      }
    },
    "node_modules/@motionone/easing": {
      "version": "10.9.0",
      "resolved": "https://registry.npmjs.org/@motionone/easing/-/easing-10.9.0.tgz",
      "integrity": "sha512-FYIr3HlQEb7aE5LOpY6BPQUaPyKeJt6VfGA+npy73+JIGqoVOjbrdZ1ZQxzTXqO76mG3UZvv1+twrDamRQsxFw==",
      "dependencies": {
        "@motionone/utils": "^10.9.0",
        "tslib": "^2.3.1"
      }
    },
    "node_modules/@motionone/generators": {
      "version": "10.9.0",
      "resolved": "https://registry.npmjs.org/@motionone/generators/-/generators-10.9.0.tgz",
      "integrity": "sha512-BOkHx4qQswJV+z/6k05qdvRENE4hG606NI5cIPTsLtSuksnRn83utuj/15VTNoFeYHuTdhwzxvIPvlPVayIGTg==",
      "dependencies": {
        "@motionone/types": "^10.9.0",
        "@motionone/utils": "^10.9.0",
        "tslib": "^2.3.1"
      }
    },
    "node_modules/@motionone/react": {
      "version": "10.10.0",
      "resolved": "https://registry.npmjs.org/@motionone/react/-/react-10.10.0.tgz",
      "integrity": "sha512-6NJKT3O4Gz+JqH5QD1S6F3AOB2/wLg+270y+9GrNzf6uqF+PbHlreq3+/EUA/ijgqQ2AFfnabBLQAyXy6tz3gg==",
      "dependencies": {
        "@motionone/dom": "^10.10.0",
        "hey-listen": "^1.0.8",
        "tslib": "^2.3.1"
      },
      "peerDependencies": {
        "react": "^17.0.2",
        "react-dom": "^17.0.2"
      },
      "peerDependenciesMeta": {
        "react": {
          "optional": true
        },
        "react-dom": {
          "optional": true
        }
      }
    },
    "node_modules/@motionone/svelte": {
      "version": "10.10.0",
      "resolved": "https://registry.npmjs.org/@motionone/svelte/-/svelte-10.10.0.tgz",
      "integrity": "sha512-YUB1ChNPrqCrRGU3YusrydkAoCfZC/DvEZzIEf1wvowbCH1oNUOdSZToAFstgdoTChnQpriCsCKPG4oKFVpTjw==",
      "dependencies": {
        "@motionone/dom": "^10.10.0",
        "tslib": "^2.3.1"
      }
    },
    "node_modules/@motionone/types": {
      "version": "10.9.0",
      "resolved": "https://registry.npmjs.org/@motionone/types/-/types-10.9.0.tgz",
      "integrity": "sha512-ZcEDfsrS2ym9+vExV7+59avkzEO/PLkNj16uaDvbWhi0Q/vOZ72j2LQTrtDLWVyZRIeUaB/i8DJP017Gj6UYQw=="
    },
    "node_modules/@motionone/utils": {
      "version": "10.9.0",
      "resolved": "https://registry.npmjs.org/@motionone/utils/-/utils-10.9.0.tgz",
      "integrity": "sha512-5IgmwQ8TdH1HsQ9d2QZeBCu9+HkqjoYRYItRpmusoyiedPMZaKdU3pr3qFP5nbAj68Ww2sTUxgEZEOF20qJA6w==",
      "dependencies": {
        "@motionone/types": "^10.9.0",
        "hey-listen": "^1.0.8",
        "tslib": "^2.3.1"
      }
    },
    "node_modules/@motionone/vue": {
      "version": "10.10.0",
      "resolved": "https://registry.npmjs.org/@motionone/vue/-/vue-10.10.0.tgz",
      "integrity": "sha512-4g/rnShYMIRhU6GJxebEEeUxkR5bucJFjJMS6pOxWvtd0fPDRyl+ckaA9ONWk+CzrsDCTOBy4NDToeuWsuoWeg==",
      "dependencies": {
        "@motionone/dom": "^10.10.0",
        "tslib": "^2.3.1"
      }
    },
    "node_modules/hey-listen": {
      "version": "1.0.8",
      "resolved": "https://registry.npmjs.org/hey-listen/-/hey-listen-1.0.8.tgz",
      "integrity": "sha512-COpmrF2NOg4TBWUJ5UVyaCU2A88wEMkUPK4hNqyCkqHbxT92BbvfjoSozkAIIm6XhicGlJHhFdullInrdhwU8Q=="
    },
    "node_modules/motion": {
      "version": "10.10.0",
      "resolved": "https://registry.npmjs.org/motion/-/motion-10.10.0.tgz",
      "integrity": "sha512-dHr4pfvLn48cDTj0GMCY6+R/Ny1s6vQa8ktAAEc2uoiun5XiNpfAuhJ0Gz6tnfffHMfJrsR9qWELlPdZKC11hQ==",
      "dependencies": {
        "@motionone/animation": "^10.9.0",
        "@motionone/dom": "^10.10.0",
        "@motionone/react": "^10.10.0",
        "@motionone/svelte": "^10.10.0",
        "@motionone/types": "^10.9.0",
        "@motionone/vue": "^10.10.0"
      }
    },
    "node_modules/tslib": {
      "version": "2.4.0",
      "resolved": "https://registry.npmjs.org/tslib/-/tslib-2.4.0.tgz",
      "integrity": "sha512-d6xOpEDfsi2CZVlPQzGeux8XMwLT9hssAsaPYExaQMuYskwb+x1x7J371tWlbBdWHroy99KnVB6qIkUbs5X3UQ=="
    }
  },
  "dependencies": {
    "@motionone/animation": {
      "version": "10.9.0",
      "resolved": "https://registry.npmjs.org/@motionone/animation/-/animation-10.9.0.tgz",
      "integrity": "sha512-RsT6Y/JbTldNgwSy2IQGghqVVd6CH8yeexNs71+Gziz802rNiksVdMdgYuvXeTU8TJTG30f18V/rnm7mAUyO+A==",
      "requires": {
        "@motionone/easing": "^10.9.0",
        "@motionone/types": "^10.9.0",
        "@motionone/utils": "^10.9.0",
        "tslib": "^2.3.1"
      }
    },
    "@motionone/dom": {
      "version": "10.10.0",
      "resolved": "https://registry.npmjs.org/@motionone/dom/-/dom-10.10.0.tgz",
      "integrity": "sha512-7IsOcEUYJthabt101ckQUsaM8mM3f2PxgXlRR0Xye6+C2ltuyKLXyiJwDv7LaqoblXl+xmf9mzBvcrZ6bVqJNQ==",
      "requires": {
        "@motionone/animation": "^10.9.0",
        "@motionone/generators": "^10.9.0",
        "@motionone/types": "^10.9.0",
        "@motionone/utils": "^10.9.0",
        "hey-listen": "^1.0.8",
        "tslib": "^2.3.1"
      }
    },
    "@motionone/easing": {
      "version": "10.9.0",
      "resolved": "https://registry.npmjs.org/@motionone/easing/-/easing-10.9.0.tgz",
      "integrity": "sha512-FYIr3HlQEb7aE5LOpY6BPQUaPyKeJt6VfGA+npy73+JIGqoVOjbrdZ1ZQxzTXqO76mG3UZvv1+twrDamRQsxFw==",
      "requires": {
        "@motionone/utils": "^10.9.0",
        "tslib": "^2.3.1"
      }
    },
    "@motionone/generators": {
      "version": "10.9.0",
      "resolved": "https://registry.npmjs.org/@motionone/generators/-/generators-10.9.0.tgz",
      "integrity": "sha512-BOkHx4qQswJV+z/6k05qdvRENE4hG606NI5cIPTsLtSuksnRn83utuj/15VTNoFeYHuTdhwzxvIPvlPVayIGTg==",
      "requires": {
        "@motionone/types": "^10.9.0",
        "@motionone/utils": "^10.9.0",
        "tslib": "^2.3.1"
      }
    },
    "@motionone/react": {
      "version": "10.10.0",
      "resolved": "https://registry.npmjs.org/@motionone/react/-/react-10.10.0.tgz",
      "integrity": "sha512-6NJKT3O4Gz+JqH5QD1S6F3AOB2/wLg+270y+9GrNzf6uqF+PbHlreq3+/EUA/ijgqQ2AFfnabBLQAyXy6tz3gg==",
      "requires": {
        "@motionone/dom": "^10.10.0",
        "hey-listen": "^1.0.8",
        "tslib": "^2.3.1"
      }
    },
    "@motionone/svelte": {
      "version": "10.10.0",
      "resolved": "https://registry.npmjs.org/@motionone/svelte/-/svelte-10.10.0.tgz",
      "integrity": "sha512-YUB1ChNPrqCrRGU3YusrydkAoCfZC/DvEZzIEf1wvowbCH1oNUOdSZToAFstgdoTChnQpriCsCKPG4oKFVpTjw==",
      "requires": {
        "@motionone/dom": "^10.10.0",
        "tslib": "^2.3.1"
      }
    },
    "@motionone/types": {
      "version": "10.9.0",
      "resolved": "https://registry.npmjs.org/@motionone/types/-/types-10.9.0.tgz",
      "integrity": "sha512-ZcEDfsrS2ym9+vExV7+59avkzEO/PLkNj16uaDvbWhi0Q/vOZ72j2LQTrtDLWVyZRIeUaB/i8DJP017Gj6UYQw=="
    },
    "@motionone/utils": {
      "version": "10.9.0",
      "resolved": "https://registry.npmjs.org/@motionone/utils/-/utils-10.9.0.tgz",
      "integrity": "sha512-5IgmwQ8TdH1HsQ9d2QZeBCu9+HkqjoYRYItRpmusoyiedPMZaKdU3pr3qFP5nbAj68Ww2sTUxgEZEOF20qJA6w==",
      "requires": {
        "@motionone/types": "^10.9.0",
        "hey-listen": "^1.0.8",
        "tslib": "^2.3.1"
      }
    },
    "@motionone/vue": {
      "version": "10.10.0",
      "resolved": "https://registry.npmjs.org/@motionone/vue/-/vue-10.10.0.tgz",
      "integrity": "sha512-4g/rnShYMIRhU6GJxebEEeUxkR5bucJFjJMS6pOxWvtd0fPDRyl+ckaA9ONWk+CzrsDCTOBy4NDToeuWsuoWeg==",
      "requires": {
        "@motionone/dom": "^10.10.0",
        "tslib": "^2.3.1"
      }
    },
    "hey-listen": {
      "version": "1.0.8",
      "resolved": "https://registry.npmjs.org/hey-listen/-/hey-listen-1.0.8.tgz",
      "integrity": "sha512-COpmrF2NOg4TBWUJ5UVyaCU2A88wEMkUPK4hNqyCkqHbxT92BbvfjoSozkAIIm6XhicGlJHhFdullInrdhwU8Q=="
    },
    "motion": {
      "version": "10.10.0",
      "resolved": "https://registry.npmjs.org/motion/-/motion-10.10.0.tgz",
      "integrity": "sha512-dHr4pfvLn48cDTj0GMCY6+R/Ny1s6vQa8ktAAEc2uoiun5XiNpfAuhJ0Gz6tnfffHMfJrsR9qWELlPdZKC11hQ==",
      "requires": {
        "@motionone/animation": "^10.9.0",
        "@motionone/dom": "^10.10.0",
        "@motionone/react": "^10.10.0",
        "@motionone/svelte": "^10.10.0",
        "@motionone/types": "^10.9.0",
        "@motionone/vue": "^10.10.0"
      }
    },
    "tslib": {
      "version": "2.4.0",
      "resolved": "https://registry.npmjs.org/tslib/-/tslib-2.4.0.tgz",
      "integrity": "sha512-d6xOpEDfsi2CZVlPQzGeux8XMwLT9hssAsaPYExaQMuYskwb+x1x7J371tWlbBdWHroy99KnVB6qIkUbs5X3UQ=="
    }
  }
}
